lockfileVersion: '9.0'

settings:
  autoInstallPeers: true
  excludeLinksFromLockfile: false

importers:

  .:
    dependencies:
      '@sapphire/framework':
        specifier: ^5.5.0
        version: 5.5.0
      '@sapphire/plugin-logger':
        specifier: ^4.1.0
        version: 4.1.0
      discord-api-types:
        specifier: ^0.38.49
        version: 0.38.49
      discord.js:
        specifier: ^14.26.5
        version: 14.26.5
      jiti:
        specifier: ^2.7.0
        version: 2.7.0
    devDependencies:
      '@eslint/js':
        specifier: ^10.0.1
        version: 10.0.1(eslint@10.6.0(jiti@2.7.0))
      '@tsconfig/node24':
        specifier: ^24.0.4
        version: 24.0.4
      '@types/node':
        specifier: ^26.1.0
        version: 26.1.0
      eslint:
        specifier: ^10.6.0
        version: 10.6.0(jiti@2.7.0)
      lefthook:
        specifier: ^2.1.9
        version: 2.1.9
      prettier:
        specifier: ^3.9.4
        version: 3.9.4
      prettier-plugin-organize-imports:
        specifier: ^4.3.0
        version: 4.3.0(prettier@3.9.4)(typescript@6.0.3)
      typescript:
        specifier: ^6.0.3
        version: 6.0.3
      typescript-eslint:
        specifier: ^8.61.0
        version: 8.61.0(eslint@10.6.0(jiti@2.7.0))(typescript@6.0.3)

packages:

  '@discordjs/builders@1.13.1':
    resolution: {integrity: sha512-cOU0UDHc3lp/5nKByDxkmRiNZBpdp0kx55aarbiAfakfKJHlxv/yFW1zmIqCAmwH5CRlrH9iMFKJMpvW4DPB+w==}
    engines: {node: '>=16.11.0'}

  '@discordjs/builders@1.14.1':
    resolution: {integrity: sha512-gSKkhXLqs96TCzk66VZuHHl8z2bQMJFGwrXC0f33ngK+FLNau4hU1PYny3DNJfNdSH+gVMzE85/d5FQ2BpcNwQ==}
    engines: {node: '>=16.11.0'}

  '@discordjs/collection@1.5.3':
    resolution: {integrity: sha512-SVb428OMd3WO1paV3rm6tSjM4wC+Kecaa1EUGX7vc6/fddvw/6lg90z4QtCqm21zvVe92vMMDt9+DkIvjXImQQ==}
    engines: {node: '>=16.11.0'}

  '@discordjs/collection@2.1.1':
    resolution: {integrity: sha512-LiSusze9Tc7qF03sLCujF5iZp7K+vRNEDBZ86FT9aQAv3vxMLihUvKvpsCWiQ2DJq1tVckopKm1rxomgNUc9hg==}
    engines: {node: '>=18'}

  '@discordjs/formatters@0.6.2':
    resolution: {integrity: sha512-y4UPwWhH6vChKRkGdMB4odasUbHOUwy7KL+OVwF86PvT6QVOwElx+TiI1/6kcmcEe+g5YRXJFiXSXUdabqZOvQ==}
    engines: {node: '>=16.11.0'}

  '@discordjs/rest@2.6.1':
    resolution: {integrity: sha512-wwQdgjeaoYFiaG+atbqx6aJDpqW7JHAo0HrQkBTbYzM3/PJ3GweQIpgElNcGZ26DCUOXMyawYd0YF7vtr+fZXg==}
    engines: {node: '>=18'}

  '@discordjs/util@1.2.0':
    resolution: {integrity: sha512-3LKP7F2+atl9vJFhaBjn4nOaSWahZ/yWjOvA4e5pnXkt2qyXRCHLxoBQy81GFtLGCq7K9lPm9R517M1U+/90Qg==}
    engines: {node: '>=18'}

  '@discordjs/ws@1.2.3':
    resolution: {integrity: sha512-wPlQDxEmlDg5IxhJPuxXr3Vy9AjYq5xCvFWGJyD7w7Np8ZGu+Mc+97LCoEc/+AYCo2IDpKioiH0/c/mj5ZR9Uw==}
    engines: {node: '>=16.11.0'}

  '@eslint-community/eslint-utils@4.9.1':
    resolution: {integrity: sha512-phrYmNiYppR7znFEdqgfWHXR6NCkZEK7hwWDHZUjit/2/U0r6XvkDl0SYnoM51Hq7FhCGdLDT6zxCCOY1hexsQ==}
    engines: {node: ^12.22.0 || ^14.17.0 || >=16.0.0}
    peerDependencies:
      eslint: ^6.0.0 || ^7.0.0 || >=8.0.0

  '@eslint-community/regexpp@4.12.2':
    resolution: {integrity: sha512-EriSTlt5OC9/7SXkRSCAhfSxxoSUgBm33OH+IkwbdpgoqsSsUg7y3uh+IICI/Qg4BBWr3U2i39RpmycbxMq4ew==}
    engines: {node: ^12.0.0 || ^14.0.0 || >=16.0.0}

  '@eslint/config-array@0.23.5':
    resolution: {integrity: sha512-Y3kKLvC1dvTOT+oGlqNQ1XLqK6D1HU2YXPc52NmAlJZbMMWDzGYXMiPRJ8TYD39muD/OTjlZmNJ4ib7dvSrMBA==}
    engines: {node: ^20.19.0 || ^22.13.0 || >=24}

  '@eslint/config-helpers@0.6.0':
    resolution: {integrity: sha512-ii6Bw9jJ2zi2cWA2Z+9/QZ/+3DX6kwaV5Q986D/CdP3Lap3w/pgQZ373FV7byY/i7L4IRH/G43I5dz1ClsCbpA==}
    engines: {node: ^20.19.0 || ^22.13.0 || >=24}

  '@eslint/core@1.2.1':
    resolution: {integrity: sha512-MwcE1P+AZ4C6DWlpin/OmOA54mmIZ/+xZuJiQd4SyB29oAJjN30UW9wkKNptW2ctp4cEsvhlLY/CsQ1uoHDloQ==}
    engines: {node: ^20.19.0 || ^22.13.0 || >=24}

  '@eslint/js@10.0.1':
    resolution: {integrity: sha512-zeR9k5pd4gxjZ0abRoIaxdc7I3nDktoXZk2qOv9gCNWx3mVwEn32VRhyLaRsDiJjTs0xq/T8mfPtyuXu7GWBcA==}
    engines: {node: ^20.19.0 || ^22.13.0 || >=24}
    peerDependencies:
      eslint: ^10.0.0
    peerDependenciesMeta:
      eslint:
        optional: true

  '@eslint/object-schema@3.0.5':
    resolution: {integrity: sha512-vqTaUEgxzm+YDSdElad6PiRoX4t8VGDjCtt05zn4nU810UIx/uNEV7/lZJ6KwFThKZOzOxzXy48da+No7HZaMw==}
    engines: {node: ^20.19.0 || ^22.13.0 || >=24}

  '@eslint/plugin-kit@0.7.2':
    resolution: {integrity: sha512-+CNAzxglkrpNf/kKywqQfk74QjtceuOE7Qm+AF8miRvPF/wmmK5+OJOgVh3AVTT3RP2mH3+FOaxlE5v72owk0A==}
    engines: {node: ^20.19.0 || ^22.13.0 || >=24}

  '@humanfs/core@0.19.2':
    resolution: {integrity: sha512-UhXNm+CFMWcbChXywFwkmhqjs3PRCmcSa/hfBgLIb7oQ5HNb1wS0icWsGtSAUNgefHeI+eBrA8I1fxmbHsGdvA==}
    engines: {node: '>=18.18.0'}

  '@humanfs/node@0.16.8':
    resolution: {integrity: sha512-gE1eQNZ3R++kTzFUpdGlpmy8kDZD/MLyHqDwqjkVQI0JMdI1D51sy1H958PNXYkM2rAac7e5/CnIKZrHtPh3BQ==}
    engines: {node: '>=18.18.0'}

  '@humanfs/types@0.15.0':
    resolution: {integrity: sha512-ZZ1w0aoQkwuUuC7Yf+7sdeaNfqQiiLcSRbfI08oAxqLtpXQr9AIVX7Ay7HLDuiLYAaFPu8oBYNq/QIi9URHJ3Q==}
    engines: {node: '>=18.18.0'}

  '@humanwhocodes/module-importer@1.0.1':
    resolution: {integrity: sha512-bxveV4V8v5Yb4ncFTT3rPSgZBOpCkjfK0y4oVVVJwIuDVBRMDXrPyXRL988i5ap9m9bnyEEjWfm5WkBmtffLfA==}
    engines: {node: '>=12.22'}

  '@humanwhocodes/retry@0.4.3':
    resolution: {integrity: sha512-bV0Tgo9K4hfPCek+aMAn81RppFKv2ySDQeMoSZuvTASywNTnVJCArCZE2FWqpvIatKu7VMRLWlR1EazvVhDyhQ==}
    engines: {node: '>=18.18'}

  '@sapphire/async-queue@1.5.5':
    resolution: {integrity: sha512-cvGzxbba6sav2zZkH8GPf2oGk9yYoD5qrNWdu9fRehifgnFZJMV+nuy2nON2roRO4yQQ+v7MK/Pktl/HgfsUXg==}
    engines: {node: '>=v14.0.0', npm: '>=7.0.0'}

  '@sapphire/discord-utilities@3.5.0':
    resolution: {integrity: sha512-H4SY5KTVDZrqA5QG7ob6etwqhdOb3TRSY2wv56f0tiobUdIr0irlrYvdmr8Kg/FRxWU+aiHDIISWGG5vBuxOGw==}
    engines: {node: '>=v14.0.0', npm: '>=7.0.0'}

  '@sapphire/discord-utilities@4.0.0':
    resolution: {integrity: sha512-QAvrKNHgswz+ZX48WqSYpRiRzQcugNXXB1C3fR1qbpTJGd7Ckr2OWyFK88TyOksi3U2isrk8sMriTcAgaIe7Qg==}
    engines: {node: '>=v14.0.0', npm: '>=7.0.0'}

  '@sapphire/discord.js-utilities@7.3.3':
    resolution: {integrity: sha512-WDj+zjWgNCUSvzYDD0wY3TVeTUseHq0Nhk0wVWxSDjY8z2gFEVcpY7wF8/fbTDWP44LUG5sUQ4haIrIj2OjmkQ==}
    engines: {node: '>=16.6.0', npm: '>=7.0.0'}

  '@sapphire/duration@1.2.0':
    resolution: {integrity: sha512-LxjOAFXz81WmrI8XX9YaVcAZDjQj/1p78lZCvkAWZB1nphOwz/D0dU3CBejmhOWx5dO5CszTkLJMNR0xuCK+Zg==}
    engines: {node: '>=v14.0.0', npm: '>=7.0.0'}

  '@sapphire/framework@5.5.0':
    resolution: {integrity: sha512-jC+zS8yR/MtJaTFEQutBBWj7Scuvny4d0adtQ3s0OCFWe3rUqNfENomBG3P4tsQ/kRF7L3WCqucyLV8ywG24hw==}
    engines: {node: '>=v18', npm: '>=7'}

  '@sapphire/lexure@1.1.12':
    resolution: {integrity: sha512-F7Z3QzRnAZGunRl24/qQMhzRogZU/foumu2EBBunRnQi/o/DLTCwdAbLgJATyPlvJa8N6FrJq0JJwvzM/vXoXg==}
    engines: {node: '>=v14.0.0', npm: '>=7.0.0'}

  '@sapphire/pieces@4.4.1':
    resolution: {integrity: sha512-2v49P++RzHGb23bdjSa9u7flkdvhrq94IUO9PneY538TILN5QiMxfaXVK+pDR2YR7jpQYBy9APwtFDes2Svykg==}
    engines: {node: '>=v14.0.0', npm: '>=7.0.0'}

  '@sapphire/plugin-logger@4.1.0':
    resolution: {integrity: sha512-+vLTITQw3DI8+kfDPNJ0yhIK/LrfM/Gro/UFcxgYWLLm+lwNmSpLZxdWe9v7ESXprody7rTp8JXPNBK7UWyE8w==}
    engines: {node: '>=v18', npm: '>=7'}

  '@sapphire/ratelimits@2.4.11':
    resolution: {integrity: sha512-O6FNA/P0wxU4Ve9gxL948CoZw7+sSpujyUR2CLyLLCNuNvuFGFxPCJVl5crFVLXMIyBIrc2qk+/H9bsqsyQK1Q==}
    engines: {node: '>=v14.0.0', npm: '>=7.0.0'}

  '@sapphire/result@2.8.0':
    resolution: {integrity: sha512-693yWouX+hR9uJm1Jgq0uSSjbSD3UrblMaxiuGbHPjSwzLCSZTcm0h3kvdVhq3o/yl4+oeAWW3hiaJ0TELuRJQ==}
    engines: {node: '>=v14.0.0', npm: '>=7.0.0'}

  '@sapphire/shapeshift@4.0.0':
    resolution: {integrity: sha512-d9dUmWVA7MMiKobL3VpLF8P2aeanRTu6ypG2OIaEv/ZHH/SUQ2iHOVyi5wAPjQ+HmnMuL0whK9ez8I/raWbtIg==}
    engines: {node: '>=v16'}

  '@sapphire/snowflake@3.5.3':
    resolution: {integrity: sha512-jjmJywLAFoWeBi1W7994zZyiNWPIiqRRNAmSERxyg93xRGzNYvGjlZ0gR6x0F4gPRi2+0O6S71kOZYyr3cxaIQ==}
    engines: {node: '>=v14.0.0', npm: '>=7.0.0'}

  '@sapphire/snowflake@3.5.5':
    resolution: {integrity: sha512-xzvBr1Q1c4lCe7i6sRnrofxeO1QTP/LKQ6A6qy0iB4x5yfiSfARMEQEghojzTNALDTcv8En04qYNIco9/K9eZQ==}
    engines: {node: '>=v14.0.0', npm: '>=7.0.0'}

  '@sapphire/stopwatch@1.5.4':
    resolution: {integrity: sha512-IVI48D2yAz411bSttXyTkBH0p2vhrXoqWLn5loDDSAAEUGkM1r5KNCX2027ifQ8svdoMkUfIGjFueR+satLeWw==}
    engines: {node: '>=v14.0.0', npm: '>=7.0.0'}

  '@sapphire/timestamp@1.0.5':
    resolution: {integrity: sha512-oNwWyNdbt5wm4aYZvlHl1+64U3g0xrFmRIHsnER7RgMxNnp/wmAE4yTK2oUHeadg3t4V9iYctPAQCF+aINke4g==}
    engines: {node: '>=v14.0.0', npm: '>=7.0.0'}

  '@sapphire/utilities@3.18.2':
    resolution: {integrity: sha512-QGLdC9+pT74Zd7aaObqn0EUfq40c4dyTL65pFnkM6WO1QYN7Yg/s4CdH+CXmx0Zcu6wcfCWILSftXPMosJHP5A==}
    engines: {node: '>=v14.0.0'}

  '@tsconfig/node24@24.0.4':
    resolution: {integrity: sha512-2A933l5P5oCbv6qSxHs7ckKwobs8BDAe9SJ/Xr2Hy+nDlwmLE1GhFh/g/vXGRZWgxBg9nX/5piDtHR9Dkw/XuA==}

  '@types/esrecurse@4.3.1':
    resolution: {integrity: sha512-xJBAbDifo5hpffDBuHl0Y8ywswbiAp/Wi7Y/GtAgSlZyIABppyurxVueOPE8LUQOxdlgi6Zqce7uoEpqNTeiUw==}

  '@types/estree@1.0.9':
    resolution: {integrity: sha512-GhdPgy1el4/ImP05X05Uw4cw2/M93BCUmnEvWZNStlCzEKME4Fkk+YpoA5OiHNQmoS7Cafb8Xa3Pya8m1Qrzeg==}

  '@types/json-schema@7.0.15':
    resolution: {integrity: sha512-5+fP8P8MFNC+AyZCDxrB2pkZFPGzqQWUzpSeuuVLvm8VMcorNYavBqoFcxK8bQz4Qsbn4oUEEem4wDLfcysGHA==}

  '@types/node@26.1.0':
    resolution: {integrity: sha512-O0A1G3xPGy4w7AgQdAQYUlQ+BKk2Oovw8eRpofyp5KdBZULnbe+WqaOVNrm705SHphCiG4XHsACrSmPu1f+Kgw==}

  '@types/ws@8.18.1':
    resolution: {integrity: sha512-ThVF6DCVhA8kUGy+aazFQ4kXQ7E1Ty7A3ypFOe0IcJV8O/M511G99AW24irKrW56Wt44yG9+ij8FaqoBGkuBXg==}

  '@typescript-eslint/eslint-plugin@8.61.0':
    resolution: {integrity: sha512-bFNvl9ZczlVb+wR2Akszf3gHfKVj/8WanXaGJ3UstTA7brNKg0cNdk6X1Psu5V7MZ2oQtzZKOEzIUehaoxbDGw==}
    engines: {node: ^18.18.0 || ^20.9.0 || >=21.1.0}
    peerDependencies:
      '@typescript-eslint/parser': ^8.61.0
      eslint: ^8.57.0 || ^9.0.0 || ^10.0.0
      typescript: '>=4.8.4 <6.1.0'

  '@typescript-eslint/parser@8.61.0':
    resolution: {integrity: sha512-5B7PfA2e1NQGCnDHd/0lW7W3gvp3d59Ryw54FYO8Uswxo9f6ikw3AZV+Xj/TvpImmpsiYyUqAfhC6kJID1jF6w==}
    engines: {node: ^18.18.0 || ^20.9.0 || >=21.1.0}
    peerDependencies:
      eslint: ^8.57.0 || ^9.0.0 || ^10.0.0
      typescript: '>=4.8.4 <6.1.0'

  '@typescript-eslint/project-service@8.61.0':
    resolution: {integrity: sha512-DV42F7MLJO6Rax7SK1yg43tcnEfGUrurSpSxKuVX+a3RCTzBlH3fuxprrOJXKCJGAaw82xXocikJ0uQaqwXgGA==}
    engines: {node: ^18.18.0 || ^20.9.0 || >=21.1.0}
    peerDependencies:
      typescript: '>=4.8.4 <6.1.0'

  '@typescript-eslint/scope-manager@8.61.0':
    resolution: {integrity: sha512-IWdXFHFSb6mlC3HPc7QsLDm5zYEbUla6trDEHf32D3/dnuUyXd87plScSNXSbm0/RxMvObpI17sv/EDTGrGZkA==}
    engines: {node: ^18.18.0 || ^20.9.0 || >=21.1.0}

  '@typescript-eslint/tsconfig-utils@8.61.0':
    resolution: {integrity: sha512-O5Amvdv9ztMpxpf+vmFULGG78IE6Qwdr3bCGvqwG4nwc9H2qXkOYJJnRbRHyMkQTjv1d03olqwwwzHLMqpFePQ==}
    engines: {node: ^18.18.0 || ^20.9.0 || >=21.1.0}
    peerDependencies:
      typescript: '>=4.8.4 <6.1.0'

  '@typescript-eslint/type-utils@8.61.0':
    resolution: {integrity: sha512-TuBiQYIkd97yBfInHCTKVYMbX4kvEmpOEuixIuzCU9p8BGT1SfyyO0d0IfDMbPIHcjn/hWnusUX5e8v5Xg+X8A==}
    engines: {node: ^18.18.0 || ^20.9.0 || >=21.1.0}
    peerDependencies:
      eslint: ^8.57.0 || ^9.0.0 || ^10.0.0
      typescript: '>=4.8.4 <6.1.0'

  '@typescript-eslint/types@8.61.0':
    resolution: {integrity: sha512-9QTQpZ5Iin4CdIodfbDQFSeiSJKidgYJYug1P9CC2xWgUTvlmixViqDZNciMjwLBZyJnG4tGmPl97rVAFb1AJg==}
    engines: {node: ^18.18.0 || ^20.9.0 || >=21.1.0}

  '@typescript-eslint/typescript-estree@8.61.0':
    resolution: {integrity: sha512-42zatd5qSvvcV1JdDBCLxYRznvP4eIHpPoZXdkPFnAmanA4FuZ5dibSnCBggY8hQnqajPpoGjXFdZ7fIJKQnlA==}
    engines: {node: ^18.18.0 || ^20.9.0 || >=21.1.0}
    peerDependencies:
      typescript: '>=4.8.4 <6.1.0'

  '@typescript-eslint/utils@8.61.0':
    resolution: {integrity: sha512-3bzFt7ImFMW/jVYwJamDoe/dMOdFLSC6pom6rRjdh4SZJEYupyMzem8e7vKZLclLfpHjlwSAXOUxtKxGXUiLqA==}
    engines: {node: ^18.18.0 || ^20.9.0 || >=21.1.0}
    peerDependencies:
      eslint: ^8.57.0 || ^9.0.0 || ^10.0.0
      typescript: '>=4.8.4 <6.1.0'

  '@typescript-eslint/visitor-keys@8.61.0':
    resolution: {integrity: sha512-QVLZu3ZPQEE+HICQyAMZ2yLQhxf0meY/wx6Hx14YcTNj13JB3qHlX3lJ02L3fLGHgERRH71kvYDwiXIguT3AjQ==}
    engines: {node: ^18.18.0 || ^20.9.0 || >=21.1.0}

  '@vladfrangu/async_event_emitter@2.4.7':
    resolution: {integrity: sha512-Xfe6rpCTxSxfbswi/W/Pz7zp1WWSNn4A0eW4mLkQUewCrXXtMj31lCg+iQyTkh/CkusZSq9eDflu7tjEDXUY6g==}
    engines: {node: '>=v14.0.0', npm: '>=7.0.0'}

  acorn-jsx@5.3.2:
    resolution: {integrity: sha512-rq9s+JNhf0IChjtDXxllJ7g41oZk5SlXtp0LHwyA5cejwn7vKmKp4pPri6YEePv2PU65sAsegbXtIinmDFDXgQ==}
    peerDependencies:
      acorn: ^6.0.0 || ^7.0.0 || ^8.0.0

  acorn@8.17.0:
    resolution: {integrity: sha512-xRQbDb9BnwDafYNn6Vwl839DYVjqXYb1XVGtWAZ1kcDc6iwAL4hg3B1dZlRiuENFeO2H53gFG3in621AdERVAg==}
    engines: {node: '>=0.4.0'}
    hasBin: true

  ajv@6.15.0:
    resolution: {integrity: sha512-fgFx7Hfoq60ytK2c7DhnF8jIvzYgOMxfugjLOSMHjLIPgenqa7S7oaagATUq99mV6IYvN2tRmC0wnTYX6iPbMw==}

  balanced-match@4.0.4:
    resolution: {integrity: sha512-BLrgEcRTwX2o6gGxGOCNyMvGSp35YofuYzw9h1IMTRmKqttAZZVU67bdb9Pr2vUHA8+j3i2tJfjO6C6+4myGTA==}
    engines: {node: 18 || 20 || >=22}

  brace-expansion@5.0.7:
    resolution: {integrity: sha512-7oFy703dxfY3/NLxC1fh2SUCQ0H9rmAY+5EpDVfXjUTTs+HEwR2nYaqLv+GWcTsumwxPfiz6CzCNkwXwBUwqCA==}
    engines: {node: 18 || 20 || >=22}

  colorette@2.0.20:
    resolution: {integrity: sha512-IfEDxwoWIjkeXL1eXcDiow4UbKjhLdq6/EuSVR9GMN7KVH3r9gQ83e73hsz1Nd1T3ijd5xv1wcWRYO+D6kCI2w==}

  cross-spawn@7.0.6:
    resolution: {integrity: sha512-uV2QOWP2nWzsy2aMp8aRibhi9dlzF5Hgh5SHaB9OiTGEyDTiJJyx0uy51QXdyWbtAHNua4XJzUKca3OzKUd3vA==}
    engines: {node: '>= 8'}

  debug@4.4.3:
    resolution: {integrity: sha512-RGwwWnwQvkVfavKVt22FGLw+xYSdzARwm0ru6DhTVA3umU5hZc28V3kO4stgYryrTlLpuvgI9GiijltAjNbcqA==}
    engines: {node: '>=6.0'}
    peerDependencies:
      supports-color: '*'
    peerDependenciesMeta:
      supports-color:
        optional: true

  deep-is@0.1.4:
    resolution: {integrity: sha512-oIPzksmTg4/MriiaYGO+okXDT7ztn/w3Eptv/+gSIdMdKsJo0u4CfYNFJPy+4SKMuCqGw2wxnA+URMg3t8a/bQ==}

  discord-api-types@0.38.49:
    resolution: {integrity: sha512-XnqcWmnFZFAE8ZM8SHAw9DIV8D3Or00rMQ8iQLotrEA2PmXhl+ykaf6L6q4l474hrSUH1JaYcv+iOMRWp2p6Tg==}

  discord.js@14.26.5:
    resolution: {integrity: sha512-SGYgjiAs0o8ZzMC97XmFXKONyairJ9YzVda+LvoSKs9YYh2gPtQhY+liaV6H/w72jxYbu9ggiSqAXoF3FLOH4A==}
    engines: {node: '>=18'}

  escape-string-regexp@4.0.0:
    resolution: {integrity: sha512-TtpcNJ3XAzx3Gq8sWRzJaVajRs0uVxA2YAkdb1jm2YkPz4G6egUFAyA3n5vtEIZefPk5Wa4UXbKuS5fKkJWdgA==}
    engines: {node: '>=10'}

  eslint-scope@9.1.2:
    resolution: {integrity: sha512-xS90H51cKw0jltxmvmHy2Iai1LIqrfbw57b79w/J7MfvDfkIkFZ+kj6zC3BjtUwh150HsSSdxXZcsuv72miDFQ==}
    engines: {node: ^20.19.0 || ^22.13.0 || >=24}

  eslint-visitor-keys@3.4.3:
    resolution: {integrity: sha512-wpc+LXeiyiisxPlEkUzU6svyS1frIO3Mgxj1fdy7Pm8Ygzguax2N3Fa/D/ag1WqbOprdI+uY6wMUl8/a2G+iag==}
    engines: {node: ^12.22.0 || ^14.17.0 || >=16.0.0}

  eslint-visitor-keys@5.0.1:
    resolution: {integrity: sha512-tD40eHxA35h0PEIZNeIjkHoDR4YjjJp34biM0mDvplBe//mB+IHCqHDGV7pxF+7MklTvighcCPPZC7ynWyjdTA==}
    engines: {node: ^20.19.0 || ^22.13.0 || >=24}

  eslint@10.6.0:
    resolution: {integrity: sha512-6lVbcqSodALYo+4ELD0heG6lFiFxnLMuLkiMi2qV8LMp54N8tE8FT1GMH+ev4Ti00nFjNze2+Su6DsV5OQW3Dg==}
    engines: {node: ^20.19.0 || ^22.13.0 || >=24}
    hasBin: true
    peerDependencies:
      jiti: '*'
    peerDependenciesMeta:
      jiti:
        optional: true

  espree@11.2.0:
    resolution: {integrity: sha512-7p3DrVEIopW1B1avAGLuCSh1jubc01H2JHc8B4qqGblmg5gI9yumBgACjWo4JlIc04ufug4xJ3SQI8HkS/Rgzw==}
    engines: {node: ^20.19.0 || ^22.13.0 || >=24}

  esquery@1.7.0:
    resolution: {integrity: sha512-Ap6G0WQwcU/LHsvLwON1fAQX9Zp0A2Y6Y/cJBl9r/JbW90Zyg4/zbG6zzKa2OTALELarYHmKu0GhpM5EO+7T0g==}
    engines: {node: '>=0.10'}

  esrecurse@4.3.0:
    resolution: {integrity: sha512-KmfKL3b6G+RXvP8N1vr3Tq1kL/oCFgn2NYXEtqP8/L3pKapUA4G8cFVaoF3SU323CD4XypR/ffioHmkti6/Tag==}
    engines: {node: '>=4.0'}

  estraverse@5.3.0:
    resolution: {integrity: sha512-MMdARuVEQziNTeJD8DgMqmhwR11BRQ/cBP+pLtYdSTnf3MIO8fFeiINEbX36ZdNlfU/7A9f3gUw49B3oQsvwBA==}
    engines: {node: '>=4.0'}

  esutils@2.0.3:
    resolution: {integrity: sha512-kVscqXk4OCp68SZ0dkgEKVi6/8ij300KBWTJq32P/dYeWTSwK41WyTxalN1eRmA5Z9UU/LX9D7FWSmV9SAYx6g==}
    engines: {node: '>=0.10.0'}

  fast-deep-equal@3.1.3:
    resolution: {integrity: sha512-f3qQ9oQy9j2AhBe/H9VC91wLmKBCCU/gDOnKNAYG5hswO7BLKj09Hc5HYNz9cGI++xlpDCIgDaitVs03ATR84Q==}

  fast-json-stable-stringify@2.1.0:
    resolution: {integrity: sha512-lhd/wF+Lk98HZoTCtlVraHtfh5XYijIjalXck7saUtuanSDyLMxnHhSXEDJqHxD7msR8D0uCmqlkwjCV8xvwHw==}

  fast-levenshtein@2.0.6:
    resolution: {integrity: sha512-DCXu6Ifhqcks7TZKY3Hxp3y6qphY5SJZmrWMDrKcERSOXWQdMhU9Ig/PYrzyw/ul9jOIyh0N4M0tbC5hodg8dw==}

  fdir@6.5.0:
    resolution: {integrity: sha512-tIbYtZbucOs0BRGqPJkshJUYdL+SDH7dVM8gjy+ERp3WAUjLEFJE+02kanyHtwjWOnwrKYBiwAmM0p4kLJAnXg==}
    engines: {node: '>=12.0.0'}
    peerDependencies:
      picomatch: ^3 || ^4
    peerDependenciesMeta:
      picomatch:
        optional: true

  file-entry-cache@8.0.0:
    resolution: {integrity: sha512-XXTUwCvisa5oacNGRP9SfNtYBNAMi+RPwBFmblZEF7N7swHYQS6/Zfk7SRwx4D5j3CH211YNRco1DEMNVfZCnQ==}
    engines: {node: '>=16.0.0'}

  find-up@5.0.0:
    resolution: {integrity: sha512-78/PXT1wlLLDgTzDs7sjq9hzz0vXD+zn+7wypEe4fXQxCmdmqfGsEPQxmiCSQI3ajFV91bVSsvNtrJRiW6nGng==}
    engines: {node: '>=10'}

  flat-cache@4.0.1:
    resolution: {integrity: sha512-f7ccFPK3SXFHpx15UIGyRJ/FJQctuKZ0zVuN3frBo4HnK3cay9VEW0R6yPYFHC0AgqhukPzKjq22t5DmAyqGyw==}
    engines: {node: '>=16'}

  flatted@3.4.2:
    resolution: {integrity: sha512-PjDse7RzhcPkIJwy5t7KPWQSZ9cAbzQXcafsetQoD7sOJRQlGikNbx7yZp2OotDnJyrDcbyRq3Ttb18iYOqkxA==}

  glob-parent@6.0.2:
    resolution: {integrity: sha512-XxwI8EOhVQgWp6iDL+3b0r86f4d6AX6zSU55HfB4ydCEuXLXc5FcYeOu+nnGftS4TEju/11rt4KJPTMgbfmv4A==}
    engines: {node: '>=10.13.0'}

  ignore@5.3.2:
    resolution: {integrity: sha512-hsBTNUqQTDwkWtcdYI2i06Y/nUBEsNEDJKjWdigLvegy8kDuJAS8uRlpkkcQpyEXL0Z/pjDy5HBmMjRCJ2gq+g==}
    engines: {node: '>= 4'}

  ignore@7.0.5:
    resolution: {integrity: sha512-Hs59xBNfUIunMFgWAbGX5cq6893IbWg4KnrjbYwX3tx0ztorVgTDA6B2sxf8ejHJ4wz8BqGUMYlnzNBer5NvGg==}
    engines: {node: '>= 4'}

  imurmurhash@0.1.4:
    resolution: {integrity: sha512-JmXMZ6wuvDmLiHEml9ykzqO6lwFbof0GG4IkcGaENdCRDDmMVnny7s5HsIgHCbaq0w2MyPhDqkhTUgS2LU2PHA==}
    engines: {node: '>=0.8.19'}

  is-extglob@2.1.1:
    resolution: {integrity: sha512-SbKbANkN603Vi4jEZv49LeVJMn4yGwsbzZworEoyEiutsN3nJYdbO36zfhGJ6QEDpOZIFkDtnq5JRxmvl3jsoQ==}
    engines: {node: '>=0.10.0'}

  is-glob@4.0.3:
    resolution: {integrity: sha512-xelSayHH36ZgE7ZWhli7pW34hNbNl8Ojv5KVmkJD4hBdD3th8Tfk9vYasLM+mXWOZhFkgZfxhLSnrwRr4elSSg==}
    engines: {node: '>=0.10.0'}

  isexe@2.0.0:
    resolution: {integrity: sha512-RHxMLp9lnKHGHRng9QFhRCMbYAcVpn69smSGcq3f36xjgVVWThj4qqLbTLlq7Ssj8B+fIQ1EuCEGI2lKsyQeIw==}

  jiti@2.7.0:
    resolution: {integrity: sha512-AC/7JofJvZGrrneWNaEnJeOLUx+JlGt7tNa0wZiRPT4MY1wmfKjt2+6O2p2uz2+skll8OZZmJMNqeke7kKbNgQ==}
    hasBin: true

  json-buffer@3.0.1:
    resolution: {integrity: sha512-4bV5BfR2mqfQTJm+V5tPPdf+ZpuhiIvTuAB5g8kcrXOZpTT/QwwVRWBywX1ozr6lEuPdbHxwaJlm9G6mI2sfSQ==}

  json-schema-traverse@0.4.1:
    resolution: {integrity: sha512-xbbCH5dCYU5T8LcEhhuh7HJ88HXuW3qsI3Y0zOZFKfZEHcpWiHU/Jxzk629Brsab/mMiHQti9wMP+845RPe3Vg==}

  json-stable-stringify-without-jsonify@1.0.1:
    resolution: {integrity: sha512-Bdboy+l7tA3OGW6FjyFHWkP5LuByj1Tk33Ljyq0axyzdk9//JSi2u3fP1QSmd1KNwq6VOKYGlAu87CisVir6Pw==}

  keyv@4.5.4:
    resolution: {integrity: sha512-oxVHkHR/EJf2CNXnWxRLW6mg7JyCCUcG0DtEGmL2ctUo1PNTin1PUil+r/+4r5MpVgC/fn1kjsx7mjSujKqIpw==}

  lefthook-darwin-arm64@2.1.9:
    resolution: {integrity: sha512-119HryNcvr4nqn0wUIrNPgpMEPn9yMQzEcW/lezRsnb56PCJriJB92+MCySPVcWDxJnZef7o0T3jdnPNiSH7Qg==}
    cpu: [arm64]
    os: [darwin]

  lefthook-darwin-x64@2.1.9:
    resolution: {integrity: sha512-dwo5Tke2XcQCM56DGHgFKBfRbJIL6xs2wZ0zG1TUVZgl4t4mQUt6LiZ4V/ZQfYHTZF9qywvXoIlR5N35qOaiVQ==}
    cpu: [x64]
    os: [darwin]

  lefthook-freebsd-arm64@2.1.9:
    resolution: {integrity: sha512-+09PVap6nl6xsaHch5JLtq7WvIR++U1Q2MzA2ai0M4uB/VP3AqrvKqHw6+9hjyKnIH+HHL83uqi77EAY+LaxLA==}
    cpu: [arm64]
    os: [freebsd]

  lefthook-freebsd-x64@2.1.9:
    resolution: {integrity: sha512-8XresjKIYpkE9ARgCtBEZgJZxAU3T4MIqzj4zNy15XRT59I1Us+QdqXTNm+pkZ41Yd2X/nxs2Pkvbq3NWWlIGw==}
    cpu: [x64]
    os: [freebsd]

  lefthook-linux-arm64@2.1.9:
    resolution: {integrity: sha512-1oNIQfwrPe6rgU2KcDM3aF6+hpZDCKx1TmawQKpXUY5gVsbZ7MqX0Sk/1lnnWxqPm+kQQ5f6J2dpFWd+4xH8jg==}
    cpu: [arm64]
    os: [linux]

  lefthook-linux-x64@2.1.9:
    resolution: {integrity: sha512-fT+7Q+BJyGp+CslFQkNXmdFRgyVXsPHPi9NAsDX0a6QOyNnoORByAsvx6zeAKuF5rL3BBgNfho1/v2RuGxGy9w==}
    cpu: [x64]
    os: [linux]

  lefthook-openbsd-arm64@2.1.9:
    resolution: {integrity: sha512-4bVuafBk3dddVNo0+3hMbjcJs4mqYAstxpPMmX2ufkudSTYFNIhWoqwuGVQV/SS/xdcOKJAldW4qayAzed2ysw==}
    cpu: [arm64]
    os: [openbsd]

  lefthook-openbsd-x64@2.1.9:
    resolution: {integrity: sha512-PmPoMmLP/wQQWcQ9u2YH86bTZ3UCfBsxuEmVTEyPU2U8R1qSTp5r/Gs3G8cN5Mxo91XB9oBERtF1n+xD3W6aVA==}
    cpu: [x64]
    os: [openbsd]

  lefthook-windows-arm64@2.1.9:
    resolution: {integrity: sha512-KphfkBKmwBnmolyrdhIl3lrBaOyTcCgXBT2AB/9OHnEXhOLvv5uTCUkrD4YRAxXPtFKq6UvnapIeoL3GZq0bdA==}
    cpu: [arm64]
    os: [win32]

  lefthook-windows-x64@2.1.9:
    resolution: {integrity: sha512-2qlUtkJHZ3MyUxgV5XTEmcrIoNZA07iwaquoswAcqv/1MeBFXlD+O+koFRfrzWng2O5WYEbpJnd8tvaYnV8fTA==}
    cpu: [x64]
    os: [win32]

  lefthook@2.1.9:
    resolution: {integrity: sha512-bwDaIOViTktE8kJLf9jP0p+H2/RDTlFFlc43Am2YgUsX22hI6Sq4RbzsrecwzY5y+MHTipOH7WsmWSEniePHWQ==}
    hasBin: true

  levn@0.4.1:
    resolution: {integrity: sha512-+bT2uH4E5LGE7h/n3evcS/sQlJXCpIp6ym8OWJ5eV6+67Dsql/LaaT7qJBAt2rzfoa/5QBGBhxDix1dMt2kQKQ==}
    engines: {node: '>= 0.8.0'}

  locate-path@6.0.0:
    resolution: {integrity: sha512-iPZK6eYjbxRu3uB4/WZ3EsEIMJFMqAoopl3R+zuq0UjcAm/MO6KCweDgPfP3elTztoKP3KtnVHxTn2NHBSDVUw==}
    engines: {node: '>=10'}

  lodash.snakecase@4.1.1:
    resolution: {integrity: sha512-QZ1d4xoBHYUeuouhEq3lk3Uq7ldgyFXGBhg04+oRLnIz8o9T65Eh+8YdroUwn846zchkA9yDsDl5CVVaV2nqYw==}

  lodash@4.18.1:
    resolution: {integrity: sha512-dMInicTPVE8d1e5otfwmmjlxkZoUpiVLwyeTdUsi/Caj/gfzzblBcCE5sRHV/AsjuCmxWrte2TNGSYuCeCq+0Q==}

  magic-bytes.js@1.13.0:
    resolution: {integrity: sha512-afO2mnxW7GDTXMm5/AoN1WuOcdoKhtgXjIvHmobqTD1grNplhGdv3PFOyjCVmrnOZBIT/gD/koDKpYG+0mvHcg==}

  minimatch@10.2.5:
    resolution: {integrity: sha512-MULkVLfKGYDFYejP07QOurDLLQpcjk7Fw+7jXS2R2czRQzR56yHRveU5NDJEOviH+hETZKSkIk5c+T23GjFUMg==}
    engines: {node: 18 || 20 || >=22}

  ms@2.1.3:
    resolution: {integrity: sha512-6FlzubTLZG3J2a/NVCAleEhjzq5oxgHyaCU9yYXvcLsvoVaHJq/s5xXI6/XXP6tz7R9xAOtHnSO/tXtF3WRTlA==}

  natural-compare@1.4.0:
    resolution: {integrity: sha512-OWND8ei3VtNC9h7V60qff3SVobHr996CTwgxubgyQYEpg290h9J0buyECNNJexkFm5sOajh5G116RYA1c8ZMSw==}

  optionator@0.9.4:
    resolution: {integrity: sha512-6IpQ7mKUxRcZNLIObR0hz7lxsapSSIYNZJwXPGeF0mTVqGKFIXj1DQcMoT22S3ROcLyY/rz0PWaWZ9ayWmad9g==}
    engines: {node: '>= 0.8.0'}

  p-limit@3.1.0:
    resolution: {integrity: sha512-TYOanM3wGwNGsZN2cVTYPArw454xnXj5qmWF1bEoAc4+cU/ol7GVh7odevjp1FNHduHc3KZMcFduxU5Xc6uJRQ==}
    engines: {node: '>=10'}

  p-locate@5.0.0:
    resolution: {integrity: sha512-LaNjtRWUBY++zB5nE/NwcaoMylSPk+S+ZHNB1TzdbMJMny6dynpAGt7X/tl/QYq3TIeE6nxHppbo2LGymrG5Pw==}
    engines: {node: '>=10'}

  path-exists@4.0.0:
    resolution: {integrity: sha512-ak9Qy5Q7jYb2Wwcey5Fpvg2KoAc/ZIhLSLOSBmRmygPsGwkVVt0fZa0qrtMz+m6tJTAHfZQ8FnmB4MG4LWy7/w==}
    engines: {node: '>=8'}

  path-key@3.1.1:
    resolution: {integrity: sha512-ojmeN0qd+y0jszEtoY48r0Peq5dwMEkIlCOu6Q5f41lfkswXuKtYrhgoTpLnyIcHm24Uhqx+5Tqm2InSwLhE6Q==}
    engines: {node: '>=8'}

  picomatch@4.0.4:
    resolution: {integrity: sha512-QP88BAKvMam/3NxH6vj2o21R6MjxZUAd6nlwAS/pnGvN9IVLocLHxGYIzFhg6fUQ+5th6P4dv4eW9jX3DSIj7A==}
    engines: {node: '>=12'}

  prelude-ls@1.2.1:
    resolution: {integrity: sha512-vkcDPrRZo1QZLbn5RLGPpg/WmIQ65qoWWhcGKf/b5eplkkarX0m9z8ppCat4mlOqUsWpyNuYgO3VRyrYHSzX5g==}
    engines: {node: '>= 0.8.0'}

  prettier-plugin-organize-imports@4.3.0:
    resolution: {integrity: sha512-FxFz0qFhyBsGdIsb697f/EkvHzi5SZOhWAjxcx2dLt+Q532bAlhswcXGYB1yzjZ69kW8UoadFBw7TyNwlq96Iw==}
    peerDependencies:
      prettier: '>=2.0'
      typescript: '>=2.9'
      vue-tsc: ^2.1.0 || 3
    peerDependenciesMeta:
      vue-tsc:
        optional: true

  prettier@3.9.4:
    resolution: {integrity: sha512-yWG/o/4oJfo036EKAfK6ACAoDOfHeRHx4tuxkfBZiauURiaSmYwlpOr5LQqKtIkRD2z1PLteme2WoxEnj4tHTg==}
    engines: {node: '>=14'}
    hasBin: true

  punycode@2.3.1:
    resolution: {integrity: sha512-vYt7UD1U9Wg6138shLtLOvdAu+8DsC/ilFtEVHcH+wydcSpNE20AfSOduf6MkRFahL5FY7X1oU7nKVZFtfq8Fg==}
    engines: {node: '>=6'}

  semver@7.8.4:
    resolution: {integrity: sha512-rUCObTnP32Q08R2uuIrt7r9PlEonuTmtuXYcW6s5kjdlj3xbnwe+21yXptAUYcMAABLkYYTtnmzb3w3EDZfueA==}
    engines: {node: '>=10'}
    hasBin: true

  shebang-command@2.0.0:
    resolution: {integrity: sha512-kHxr2zZpYtdmrN1qDjrrX/Z1rR1kG8Dx+gkpK1G4eXmvXswmcE1hTWBWYUzlraYw1/yZp6YuDY77YtvbN0dmDA==}
    engines: {node: '>=8'}

  shebang-regex@3.0.0:
    resolution: {integrity: sha512-7++dFhtcx3353uBaq8DDR4NuxBetBzC7ZQOhmTQInHEd6bSrXdiEyzCvG07Z44UYdLShWUyXt5M/yhz8ekcb1A==}
    engines: {node: '>=8'}

  tinyglobby@0.2.17:
    resolution: {integrity: sha512-wXR/dYpcqKmfWpEdZjiKJOwCNFndD0DMnrW/cYjVGttEkBfVgcLFHoNrlj47mjOVic9yyNu65alsgF4NQyTa2g==}
    engines: {node: '>=12.0.0'}

  ts-api-utils@2.5.0:
    resolution: {integrity: sha512-OJ/ibxhPlqrMM0UiNHJ/0CKQkoKF243/AEmplt3qpRgkW8VG7IfOS41h7V8TjITqdByHzrjcS/2si+y4lIh8NA==}
    engines: {node: '>=18.12'}
    peerDependencies:
      typescript: '>=4.8.4'

  ts-mixer@6.0.4:
    resolution: {integrity: sha512-ufKpbmrugz5Aou4wcr5Wc1UUFWOLhq+Fm6qa6P0w0K5Qw2yhaUoiWszhCVuNQyNwrlGiscHOmqYoAox1PtvgjA==}

  tslib@2.8.1:
    resolution: {integrity: sha512-oJFu94HQb+KVduSUQL7wnpmqnfmLsOA/nAh6b6EH0wCEoK0/mPeXU6c3wKDV83MkOuHPRHtSXKKU99IBazS/2w==}

  type-check@0.4.0:
    resolution: {integrity: sha512-XleUoc9uwGXqjWwXaUTZAmzMcFZ5858QA2vvx1Ur5xIcixXIP+8LnFDgRplU30us6teqdlskFfu+ae4K79Ooew==}
    engines: {node: '>= 0.8.0'}

  typescript-eslint@8.61.0:
    resolution: {integrity: sha512-8y31Rd0eGTrDKqhy6vT0HtzhN+YLjQizwX3aA3hPXP/ynSfnrBXcQY5IzsP9/DM7+klX4IUncZZjkchP0z+rUw==}
    engines: {node: ^18.18.0 || ^20.9.0 || >=21.1.0}
    peerDependencies:
      eslint: ^8.57.0 || ^9.0.0 || ^10.0.0
      typescript: '>=4.8.4 <6.1.0'

  typescript@6.0.3:
    resolution: {integrity: sha512-y2TvuxSZPDyQakkFRPZHKFm+KKVqIisdg9/CZwm9ftvKXLP8NRWj38/ODjNbr43SsoXqNuAisEf1GdCxqWcdBw==}
    engines: {node: '>=14.17'}
    hasBin: true

  undici-types@8.3.0:
    resolution: {integrity: sha512-j375ScV60dom+YkPFIfTLcOiPxkN/buHz5GobjLhixFuANaNs3C9l4GmrWqejgXWJ7BbJcFYpTEUkS1Ge8bpZQ==}

  undici@6.24.1:
    resolution: {integrity: sha512-sC+b0tB1whOCzbtlx20fx3WgCXwkW627p4EA9uM+/tNNPkSS+eSEld6pAs9nDv7WbY1UUljBMYPtu9BCOrCWKA==}
    engines: {node: '>=18.17'}

  uri-js@4.4.1:
    resolution: {integrity: sha512-7rKUyy33Q1yc98pQ1DAmLtwX109F7TIfWlW1Ydo8Wl1ii1SeHieeh0HHfPeL2fMXK6z0s8ecKs9frCuLJvndBg==}

  which@2.0.2:
    resolution: {integrity: sha512-BLI3Tl1TW3Pvl70l3yq3Y64i+awpwXqsGBYWkkqMtnbXgrMD+yj7rhW0kuEDxzJaYXGjEW5ogapKNMEKNMjibA==}
    engines: {node: '>= 8'}
    hasBin: true

  word-wrap@1.2.5:
    resolution: {integrity: sha512-BN22B5eaMMI9UMtjrGd5g5eCYPpCPDUy0FJXbYsaT5zYxjFOckS53SQDE3pWkVoWpHXVb3BrYcEN4Twa55B5cA==}
    engines: {node: '>=0.10.0'}

  ws@8.21.0:
    resolution: {integrity: sha512-Vsp28b7DRcimFQvrqu2Wek3z1iYxDCWqHYB8Qsnk/S4RfaCQzPGPyBNuVjJV3cd6UiKtUtp6sNM77gWvzcCH+g==}
    engines: {node: '>=10.0.0'}
    peerDependencies:
      bufferutil: ^4.0.1
      utf-8-validate: '>=5.0.2'
    peerDependenciesMeta:
      bufferutil:
        optional: true
      utf-8-validate:
        optional: true

  yocto-queue@0.1.0:
    resolution: {integrity: sha512-rVksvsnNCdJ/ohGc6xgPwyN8eheCxsiLM8mxuE/t/mOVqJewPuO1miLpTHQiRgTKCLexL4MeAFVagts7HmNZ2Q==}
    engines: {node: '>=10'}

snapshots:

  '@discordjs/builders@1.13.1':
    dependencies:
      '@discordjs/formatters': 0.6.2
      '@discordjs/util': 1.2.0
      '@sapphire/shapeshift': 4.0.0
      discord-api-types: 0.38.49
      fast-deep-equal: 3.1.3
      ts-mixer: 6.0.4
      tslib: 2.8.1

  '@discordjs/builders@1.14.1':
    dependencies:
      '@discordjs/formatters': 0.6.2
      '@discordjs/util': 1.2.0
      '@sapphire/shapeshift': 4.0.0
      discord-api-types: 0.38.49
      fast-deep-equal: 3.1.3
      ts-mixer: 6.0.4
      tslib: 2.8.1

  '@discordjs/collection@1.5.3': {}

  '@discordjs/collection@2.1.1': {}

  '@discordjs/formatters@0.6.2':
    dependencies:
      discord-api-types: 0.38.49

  '@discordjs/rest@2.6.1':
    dependencies:
      '@discordjs/collection': 2.1.1
      '@discordjs/util': 1.2.0
      '@sapphire/async-queue': 1.5.5
      '@sapphire/snowflake': 3.5.5
      '@vladfrangu/async_event_emitter': 2.4.7
      discord-api-types: 0.38.49
      magic-bytes.js: 1.13.0
      tslib: 2.8.1
      undici: 6.24.1

  '@discordjs/util@1.2.0':
    dependencies:
      discord-api-types: 0.38.49

  '@discordjs/ws@1.2.3':
    dependencies:
      '@discordjs/collection': 2.1.1
      '@discordjs/rest': 2.6.1
      '@discordjs/util': 1.2.0
      '@sapphire/async-queue': 1.5.5
      '@types/ws': 8.18.1
      '@vladfrangu/async_event_emitter': 2.4.7
      discord-api-types: 0.38.49
      tslib: 2.8.1
      ws: 8.21.0
    transitivePeerDependencies:
      - bufferutil
      - utf-8-validate

  '@eslint-community/eslint-utils@4.9.1(eslint@10.6.0(jiti@2.7.0))':
    dependencies:
      eslint: 10.6.0(jiti@2.7.0)
      eslint-visitor-keys: 3.4.3

  '@eslint-community/regexpp@4.12.2': {}

  '@eslint/config-array@0.23.5':
    dependencies:
      '@eslint/object-schema': 3.0.5
      debug: 4.4.3
      minimatch: 10.2.5
    transitivePeerDependencies:
      - supports-color

  '@eslint/config-helpers@0.6.0':
    dependencies:
      '@eslint/core': 1.2.1

  '@eslint/core@1.2.1':
    dependencies:
      '@types/json-schema': 7.0.15

  '@eslint/js@10.0.1(eslint@10.6.0(jiti@2.7.0))':
    optionalDependencies:
      eslint: 10.6.0(jiti@2.7.0)

  '@eslint/object-schema@3.0.5': {}

  '@eslint/plugin-kit@0.7.2':
    dependencies:
      '@eslint/core': 1.2.1
      levn: 0.4.1

  '@humanfs/core@0.19.2':
    dependencies:
      '@humanfs/types': 0.15.0

  '@humanfs/node@0.16.8':
    dependencies:
      '@humanfs/core': 0.19.2
      '@humanfs/types': 0.15.0
      '@humanwhocodes/retry': 0.4.3

  '@humanfs/types@0.15.0': {}

  '@humanwhocodes/module-importer@1.0.1': {}

  '@humanwhocodes/retry@0.4.3': {}

  '@sapphire/async-queue@1.5.5': {}

  '@sapphire/discord-utilities@3.5.0':
    dependencies:
      discord-api-types: 0.38.49

  '@sapphire/discord-utilities@4.0.0':
    dependencies:
      discord-api-types: 0.38.49

  '@sapphire/discord.js-utilities@7.3.3':
    dependencies:
      '@sapphire/discord-utilities': 3.5.0
      '@sapphire/duration': 1.2.0
      '@sapphire/utilities': 3.18.2
      tslib: 2.8.1

  '@sapphire/duration@1.2.0': {}

  '@sapphire/framework@5.5.0':
    dependencies:
      '@discordjs/builders': 1.13.1
      '@sapphire/discord-utilities': 4.0.0
      '@sapphire/discord.js-utilities': 7.3.3
      '@sapphire/lexure': 1.1.12
      '@sapphire/pieces': 4.4.1
      '@sapphire/ratelimits': 2.4.11
      '@sapphire/result': 2.8.0
      '@sapphire/stopwatch': 1.5.4
      '@sapphire/utilities': 3.18.2

  '@sapphire/lexure@1.1.12':
    dependencies:
      '@sapphire/result': 2.8.0

  '@sapphire/pieces@4.4.1':
    dependencies:
      '@discordjs/collection': 2.1.1
      '@sapphire/utilities': 3.18.2
      tslib: 2.8.1

  '@sapphire/plugin-logger@4.1.0':
    dependencies:
      '@sapphire/timestamp': 1.0.5
      colorette: 2.0.20

  '@sapphire/ratelimits@2.4.11': {}

  '@sapphire/result@2.8.0': {}

  '@sapphire/shapeshift@4.0.0':
    dependencies:
      fast-deep-equal: 3.1.3
      lodash: 4.18.1

  '@sapphire/snowflake@3.5.3': {}

  '@sapphire/snowflake@3.5.5': {}

  '@sapphire/stopwatch@1.5.4':
    dependencies:
      tslib: 2.8.1

  '@sapphire/timestamp@1.0.5': {}

  '@sapphire/utilities@3.18.2': {}

  '@tsconfig/node24@24.0.4': {}

  '@types/esrecurse@4.3.1': {}

  '@types/estree@1.0.9': {}

  '@types/json-schema@7.0.15': {}

  '@types/node@26.1.0':
    dependencies:
      undici-types: 8.3.0

  '@types/ws@8.18.1':
    dependencies:
      '@types/node': 26.1.0

  '@typescript-eslint/eslint-plugin@8.61.0(@typescript-eslint/parser@8.61.0(eslint@10.6.0(jiti@2.7.0))(typescript@6.0.3))(eslint@10.6.0(jiti@2.7.0))(typescript@6.0.3)':
    dependencies:
      '@eslint-community/regexpp': 4.12.2
      '@typescript-eslint/parser': 8.61.0(eslint@10.6.0(jiti@2.7.0))(typescript@6.0.3)
      '@typescript-eslint/scope-manager': 8.61.0
      '@typescript-eslint/type-utils': 8.61.0(eslint@10.6.0(jiti@2.7.0))(typescript@6.0.3)
      '@typescript-eslint/utils': 8.61.0(eslint@10.6.0(jiti@2.7.0))(typescript@6.0.3)
      '@typescript-eslint/visitor-keys': 8.61.0
      eslint: 10.6.0(jiti@2.7.0)
      ignore: 7.0.5
      natural-compare: 1.4.0
      ts-api-utils: 2.5.0(typescript@6.0.3)
      typescript: 6.0.3
    transitivePeerDependencies:
      - supports-color

  '@typescript-eslint/parser@8.61.0(eslint@10.6.0(jiti@2.7.0))(typescript@6.0.3)':
    dependencies:
      '@typescript-eslint/scope-manager': 8.61.0
      '@typescript-eslint/types': 8.61.0
      '@typescript-eslint/typescript-estree': 8.61.0(typescript@6.0.3)
      '@typescript-eslint/visitor-keys': 8.61.0
      debug: 4.4.3
      eslint: 10.6.0(jiti@2.7.0)
      typescript: 6.0.3
    transitivePeerDependencies:
      - supports-color

  '@typescript-eslint/project-service@8.61.0(typescript@6.0.3)':
    dependencies:
      '@typescript-eslint/tsconfig-utils': 8.61.0(typescript@6.0.3)
      '@typescript-eslint/types': 8.61.0
      debug: 4.4.3
      typescript: 6.0.3
    transitivePeerDependencies:
      - supports-color

  '@typescript-eslint/scope-manager@8.61.0':
    dependencies:
      '@typescript-eslint/types': 8.61.0
      '@typescript-eslint/visitor-keys': 8.61.0

  '@typescript-eslint/tsconfig-utils@8.61.0(typescript@6.0.3)':
    dependencies:
      typescript: 6.0.3

  '@typescript-eslint/type-utils@8.61.0(eslint@10.6.0(jiti@2.7.0))(typescript@6.0.3)':
    dependencies:
      '@typescript-eslint/types': 8.61.0
      '@typescript-eslint/typescript-estree': 8.61.0(typescript@6.0.3)
      '@typescript-eslint/utils': 8.61.0(eslint@10.6.0(jiti@2.7.0))(typescript@6.0.3)
      debug: 4.4.3
      eslint: 10.6.0(jiti@2.7.0)
      ts-api-utils: 2.5.0(typescript@6.0.3)
      typescript: 6.0.3
    transitivePeerDependencies:
      - supports-color

  '@typescript-eslint/types@8.61.0': {}

  '@typescript-eslint/typescript-estree@8.61.0(typescript@6.0.3)':
    dependencies:
      '@typescript-eslint/project-service': 8.61.0(typescript@6.0.3)
      '@typescript-eslint/tsconfig-utils': 8.61.0(typescript@6.0.3)
      '@typescript-eslint/types': 8.61.0
      '@typescript-eslint/visitor-keys': 8.61.0
      debug: 4.4.3
      minimatch: 10.2.5
      semver: 7.8.4
      tinyglobby: 0.2.17
      ts-api-utils: 2.5.0(typescript@6.0.3)
      typescript: 6.0.3
    transitivePeerDependencies:
      - supports-color

  '@typescript-eslint/utils@8.61.0(eslint@10.6.0(jiti@2.7.0))(typescript@6.0.3)':
    dependencies:
      '@eslint-community/eslint-utils': 4.9.1(eslint@10.6.0(jiti@2.7.0))
      '@typescript-eslint/scope-manager': 8.61.0
      '@typescript-eslint/types': 8.61.0
      '@typescript-eslint/typescript-estree': 8.61.0(typescript@6.0.3)
      eslint: 10.6.0(jiti@2.7.0)
      typescript: 6.0.3
    transitivePeerDependencies:
      - supports-color

  '@typescript-eslint/visitor-keys@8.61.0':
    dependencies:
      '@typescript-eslint/types': 8.61.0
      eslint-visitor-keys: 5.0.1

  '@vladfrangu/async_event_emitter@2.4.7': {}

  acorn-jsx@5.3.2(acorn@8.17.0):
    dependencies:
      acorn: 8.17.0

  acorn@8.17.0: {}

  ajv@6.15.0:
    dependencies:
      fast-deep-equal: 3.1.3
      fast-json-stable-stringify: 2.1.0
      json-schema-traverse: 0.4.1
      uri-js: 4.4.1

  balanced-match@4.0.4: {}

  brace-expansion@5.0.7:
    dependencies:
      balanced-match: 4.0.4

  colorette@2.0.20: {}

  cross-spawn@7.0.6:
    dependencies:
      path-key: 3.1.1
      shebang-command: 2.0.0
      which: 2.0.2

  debug@4.4.3:
    dependencies:
      ms: 2.1.3

  deep-is@0.1.4: {}

  discord-api-types@0.38.49: {}

  discord.js@14.26.5:
    dependencies:
      '@discordjs/builders': 1.14.1
      '@discordjs/collection': 1.5.3
      '@discordjs/formatters': 0.6.2
      '@discordjs/rest': 2.6.1
      '@discordjs/util': 1.2.0
      '@discordjs/ws': 1.2.3
      '@sapphire/snowflake': 3.5.3
      discord-api-types: 0.38.49
      fast-deep-equal: 3.1.3
      lodash.snakecase: 4.1.1
      magic-bytes.js: 1.13.0
      tslib: 2.8.1
      undici: 6.24.1
    transitivePeerDependencies:
      - bufferutil
      - utf-8-validate

  escape-string-regexp@4.0.0: {}

  eslint-scope@9.1.2:
    dependencies:
      '@types/esrecurse': 4.3.1
      '@types/estree': 1.0.9
      esrecurse: 4.3.0
      estraverse: 5.3.0

  eslint-visitor-keys@3.4.3: {}

  eslint-visitor-keys@5.0.1: {}

  eslint@10.6.0(jiti@2.7.0):
    dependencies:
      '@eslint-community/eslint-utils': 4.9.1(eslint@10.6.0(jiti@2.7.0))
      '@eslint-community/regexpp': 4.12.2
      '@eslint/config-array': 0.23.5
      '@eslint/config-helpers': 0.6.0
      '@eslint/core': 1.2.1
      '@eslint/plugin-kit': 0.7.2
      '@humanfs/node': 0.16.8
      '@humanwhocodes/module-importer': 1.0.1
      '@humanwhocodes/retry': 0.4.3
      '@types/estree': 1.0.9
      ajv: 6.15.0
      cross-spawn: 7.0.6
      debug: 4.4.3
      escape-string-regexp: 4.0.0
      eslint-scope: 9.1.2
      eslint-visitor-keys: 5.0.1
      espree: 11.2.0
      esquery: 1.7.0
      esutils: 2.0.3
      fast-deep-equal: 3.1.3
      file-entry-cache: 8.0.0
      find-up: 5.0.0
      glob-parent: 6.0.2
      ignore: 5.3.2
      imurmurhash: 0.1.4
      is-glob: 4.0.3
      json-stable-stringify-without-jsonify: 1.0.1
      minimatch: 10.2.5
      natural-compare: 1.4.0
      optionator: 0.9.4
    optionalDependencies:
      jiti: 2.7.0
    transitivePeerDependencies:
      - supports-color

  espree@11.2.0:
    dependencies:
      acorn: 8.17.0
      acorn-jsx: 5.3.2(acorn@8.17.0)
      eslint-visitor-keys: 5.0.1

  esquery@1.7.0:
    dependencies:
      estraverse: 5.3.0

  esrecurse@4.3.0:
    dependencies:
      estraverse: 5.3.0

  estraverse@5.3.0: {}

  esutils@2.0.3: {}

  fast-deep-equal@3.1.3: {}

  fast-json-stable-stringify@2.1.0: {}

  fast-levenshtein@2.0.6: {}

  fdir@6.5.0(picomatch@4.0.4):
    optionalDependencies:
      picomatch: 4.0.4

  file-entry-cache@8.0.0:
    dependencies:
      flat-cache: 4.0.1

  find-up@5.0.0:
    dependencies:
      locate-path: 6.0.0
      path-exists: 4.0.0

  flat-cache@4.0.1:
    dependencies:
      flatted: 3.4.2
      keyv: 4.5.4

  flatted@3.4.2: {}

  glob-parent@6.0.2:
    dependencies:
      is-glob: 4.0.3

  ignore@5.3.2: {}

  ignore@7.0.5: {}

  imurmurhash@0.1.4: {}

  is-extglob@2.1.1: {}

  is-glob@4.0.3:
    dependencies:
      is-extglob: 2.1.1

  isexe@2.0.0: {}

  jiti@2.7.0: {}

  json-buffer@3.0.1: {}

  json-schema-traverse@0.4.1: {}

  json-stable-stringify-without-jsonify@1.0.1: {}

  keyv@4.5.4:
    dependencies:
      json-buffer: 3.0.1

  lefthook-darwin-arm64@2.1.9:
    optional: true

  lefthook-darwin-x64@2.1.9:
    optional: true

  lefthook-freebsd-arm64@2.1.9:
    optional: true

  lefthook-freebsd-x64@2.1.9:
    optional: true

  lefthook-linux-arm64@2.1.9:
    optional: true

  lefthook-linux-x64@2.1.9:
    optional: true

  lefthook-openbsd-arm64@2.1.9:
    optional: true

  lefthook-openbsd-x64@2.1.9:
    optional: true

  lefthook-windows-arm64@2.1.9:
    optional: true

  lefthook-windows-x64@2.1.9:
    optional: true

  lefthook@2.1.9:
    optionalDependencies:
      lefthook-darwin-arm64: 2.1.9
      lefthook-darwin-x64: 2.1.9
      lefthook-freebsd-arm64: 2.1.9
      lefthook-freebsd-x64: 2.1.9
      lefthook-linux-arm64: 2.1.9
      lefthook-linux-x64: 2.1.9
      lefthook-openbsd-arm64: 2.1.9
      lefthook-openbsd-x64: 2.1.9
      lefthook-windows-arm64: 2.1.9
      lefthook-windows-x64: 2.1.9

  levn@0.4.1:
    dependencies:
      prelude-ls: 1.2.1
      type-check: 0.4.0

  locate-path@6.0.0:
    dependencies:
      p-locate: 5.0.0

  lodash.snakecase@4.1.1: {}

  lodash@4.18.1: {}

  magic-bytes.js@1.13.0: {}

  minimatch@10.2.5:
    dependencies:
      brace-expansion: 5.0.7

  ms@2.1.3: {}

  natural-compare@1.4.0: {}

  optionator@0.9.4:
    dependencies:
      deep-is: 0.1.4
      fast-levenshtein: 2.0.6
      levn: 0.4.1
      prelude-ls: 1.2.1
      type-check: 0.4.0
      word-wrap: 1.2.5

  p-limit@3.1.0:
    dependencies:
      yocto-queue: 0.1.0

  p-locate@5.0.0:
    dependencies:
      p-limit: 3.1.0

  path-exists@4.0.0: {}

  path-key@3.1.1: {}

  picomatch@4.0.4: {}

  prelude-ls@1.2.1: {}

  prettier-plugin-organize-imports@4.3.0(prettier@3.9.4)(typescript@6.0.3):
    dependencies:
      prettier: 3.9.4
      typescript: 6.0.3

  prettier@3.9.4: {}

  punycode@2.3.1: {}

  semver@7.8.4: {}

  shebang-command@2.0.0:
    dependencies:
      shebang-regex: 3.0.0

  shebang-regex@3.0.0: {}

  tinyglobby@0.2.17:
    dependencies:
      fdir: 6.5.0(picomatch@4.0.4)
      picomatch: 4.0.4

  ts-api-utils@2.5.0(typescript@6.0.3):
    dependencies:
      typescript: 6.0.3

  ts-mixer@6.0.4: {}

  tslib@2.8.1: {}

  type-check@0.4.0:
    dependencies:
      prelude-ls: 1.2.1

  typescript-eslint@8.61.0(eslint@10.6.0(jiti@2.7.0))(typescript@6.0.3):
    dependencies:
      '@typescript-eslint/eslint-plugin': 8.61.0(@typescript-eslint/parser@8.61.0(eslint@10.6.0(jiti@2.7.0))(typescript@6.0.3))(eslint@10.6.0(jiti@2.7.0))(typescript@6.0.3)
      '@typescript-eslint/parser': 8.61.0(eslint@10.6.0(jiti@2.7.0))(typescript@6.0.3)
      '@typescript-eslint/typescript-estree': 8.61.0(typescript@6.0.3)
      '@typescript-eslint/utils': 8.61.0(eslint@10.6.0(jiti@2.7.0))(typescript@6.0.3)
      eslint: 10.6.0(jiti@2.7.0)
      typescript: 6.0.3
    transitivePeerDependencies:
      - supports-color

  typescript@6.0.3: {}

  undici-types@8.3.0: {}

  undici@6.24.1: {}

  uri-js@4.4.1:
    dependencies:
      punycode: 2.3.1

  which@2.0.2:
    dependencies:
      isexe: 2.0.0

  word-wrap@1.2.5: {}

  ws@8.21.0: {}

  yocto-queue@0.1.0: {}
